
Microsoft Visual Studio Solution File, Format Version 12.00
# Visual Studio 15
VisualStudioVersion = 15.0.28307.168
MinimumVisualStudioVersion = 10.0.40219.1
Project("{2150E333-8FDC-42A3-9474-1A3956D46DE8}") = "Common", "Common", "{493777A0-16A5-4D6C-B46E-D7869CF5167C}"
EndProject
Project("{2150E333-8FDC-42A3-9474-1A3956D46DE8}") = "Apple", "Apple", "{2C850CC5-7BCA-4D75-8B63-E5E443D94BC5}"
EndProject
Project("{2150E333-8FDC-42A3-9474-1A3956D46DE8}") = "Mango", "Mango", "{6CF46F07-6BBA-4495-8455-DB8D54E15E08}"
EndProject
Project("{9A19103F-16F7-4668-BE54-9A1E7A4F7556}") = "Fruits.Common.Domain", "Fruits.Common.Domain\Fruits.Common.Domain.csproj", "{DC0A4AC6-5098-4D73-81ED-7C9C934B9956}"
EndProject
Project("{9A19103F-16F7-4668-BE54-9A1E7A4F7556}") = "Fruits.Apple.Domain", "Fruits.Apple.Domain\Fruits.Apple.Domain.csproj", "{8E5E2438-5730-4315-B22B-5CC694B34A06}"
EndProject
Project("{9A19103F-16F7-4668-BE54-9A1E7A4F7556}") = "Fruits.Mango.Domain", "Fruits.Mango.Domain\Fruits.Mango.Domain.csproj", "{F689F3D2-BF9F-4C1D-AA62-2DE8FFB3EDAF}"
EndProject
Project("{9A19103F-16F7-4668-BE54-9A1E7A4F7556}") = "Fruits.Apple.Api", "Fruits.Apple.Api\Fruits.Apple.Api.csproj", "{AFB058B6-EFA0-40D8-84ED-BD773B0811AB}"
EndProject
Project("{9A19103F-16F7-4668-BE54-9A1E7A4F7556}") = "Fruits.Mango.Api", "Fruits.Mango.Api\Fruits.Mango.Api.csproj", "{56C259CE-EABE-4583-ADB4-A6430328DC31}"
EndProject
Project("{2150E333-8FDC-42A3-9474-1A3956D46DE8}") = "Gateway", "Gateway", "{BF8403DE-B96D-4922-B191-5CBDAE009BAC}"
EndProject
Project("{9A19103F-16F7-4668-BE54-9A1E7A4F7556}") = "Fruits.Gateway.Process", "Fruits.Gateway.Process\Fruits.Gateway.Process.csproj", "{2026C73D-8912-4C1C-8977-3F01A8D0F375}"
EndProject
Project("{2150E333-8FDC-42A3-9474-1A3956D46DE8}") = "SolutionItems", "SolutionItems", "{2CA595D2-D551-46E4-BF81-5121EF7B937B}"
	ProjectSection(SolutionItems) = preProject
		build.sh = build.sh
		Dockerfile.Gateway = Dockerfile.Gateway
		README.md = README.md
	EndProjectSection
EndProject
Global
	GlobalSection(SolutionConfigurationPlatforms) = preSolution
		Debug|Any CPU = Debug|Any CPU
		Release|Any CPU = Release|Any CPU
	EndGlobalSection
	GlobalSection(ProjectConfigurationPlatforms) = postSolution
		{DC0A4AC6-5098-4D73-81ED-7C9C934B9956}.Debug|Any CPU.ActiveCfg = Debug|Any CPU
		{DC0A4AC6-5098-4D73-81ED-7C9C934B9956}.Debug|Any CPU.Build.0 = Debug|Any CPU
		{DC0A4AC6-5098-4D73-81ED-7C9C934B9956}.Release|Any CPU.ActiveCfg = Release|Any CPU
		{DC0A4AC6-5098-4D73-81ED-7C9C934B9956}.Release|Any CPU.Build.0 = Release|Any CPU
		{8E5E2438-5730-4315-B22B-5CC694B34A06}.Debug|Any CPU.ActiveCfg = Debug|Any CPU
		{8E5E2438-5730-4315-B22B-5CC694B34A06}.Debug|Any CPU.Build.0 = Debug|Any CPU
		{8E5E2438-5730-4315-B22B-5CC694B34A06}.Release|Any CPU.ActiveCfg = Release|Any CPU
		{8E5E2438-5730-4315-B22B-5CC694B34A06}.Release|Any CPU.Build.0 = Release|Any CPU
		{F689F3D2-BF9F-4C1D-AA62-2DE8FFB3EDAF}.Debug|Any CPU.ActiveCfg = Debug|Any CPU
		{F689F3D2-BF9F-4C1D-AA62-2DE8FFB3EDAF}.Debug|Any CPU.Build.0 = Debug|Any CPU
		{F689F3D2-BF9F-4C1D-AA62-2DE8FFB3EDAF}.Release|Any CPU.ActiveCfg = Release|Any CPU
		{F689F3D2-BF9F-4C1D-AA62-2DE8FFB3EDAF}.Release|Any CPU.Build.0 = Release|Any CPU
		{AFB058B6-EFA0-40D8-84ED-BD773B0811AB}.Debug|Any CPU.ActiveCfg = Debug|Any CPU
		{AFB058B6-EFA0-40D8-84ED-BD773B0811AB}.Debug|Any CPU.Build.0 = Debug|Any CPU
		{AFB058B6-EFA0-40D8-84ED-BD773B0811AB}.Release|Any CPU.ActiveCfg = Release|Any CPU
		{AFB058B6-EFA0-40D8-84ED-BD773B0811AB}.Release|Any CPU.Build.0 = Release|Any CPU
		{56C259CE-EABE-4583-ADB4-A6430328DC31}.Debug|Any CPU.ActiveCfg = Debug|Any CPU
		{56C259CE-EABE-4583-ADB4-A6430328DC31}.Debug|Any CPU.Build.0 = Debug|Any CPU
		{56C259CE-EABE-4583-ADB4-A6430328DC31}.Release|Any CPU.ActiveCfg = Release|Any CPU
		{56C259CE-EABE-4583-ADB4-A6430328DC31}.Release|Any CPU.Build.0 = Release|Any CPU
		{2026C73D-8912-4C1C-8977-3F01A8D0F375}.Debug|Any CPU.ActiveCfg = Debug|Any CPU
		{2026C73D-8912-4C1C-8977-3F01A8D0F375}.Debug|Any CPU.Build.0 = Debug|Any CPU
		{2026C73D-8912-4C1C-8977-3F01A8D0F375}.Release|Any CPU.ActiveCfg = Release|Any CPU
		{2026C73D-8912-4C1C-8977-3F01A8D0F375}.Release|Any CPU.Build.0 = Release|Any CPU
	EndGlobalSection
	GlobalSection(SolutionProperties) = preSolution
		HideSolutionNode = FALSE
	EndGlobalSection
	GlobalSection(NestedProjects) = preSolution
		{DC0A4AC6-5098-4D73-81ED-7C9C934B9956} = {493777A0-16A5-4D6C-B46E-D7869CF5167C}
		{8E5E2438-5730-4315-B22B-5CC694B34A06} = {2C850CC5-7BCA-4D75-8B63-E5E443D94BC5}
		{F689F3D2-BF9F-4C1D-AA62-2DE8FFB3EDAF} = {6CF46F07-6BBA-4495-8455-DB8D54E15E08}
		{AFB058B6-EFA0-40D8-84ED-BD773B0811AB} = {2C850CC5-7BCA-4D75-8B63-E5E443D94BC5}
		{56C259CE-EABE-4583-ADB4-A6430328DC31} = {6CF46F07-6BBA-4495-8455-DB8D54E15E08}
		{2026C73D-8912-4C1C-8977-3F01A8D0F375} = {BF8403DE-B96D-4922-B191-5CBDAE009BAC}
	EndGlobalSection
	GlobalSection(ExtensibilityGlobals) = postSolution
		SolutionGuid = {9E57861A-2310-4143-A5B4-487034EE202C}
	EndGlobalSection
EndGlobal
