
Microsoft Visual Studio Solution File, Format Version 12.00
# Visual Studio 15
VisualStudioVersion = 15.0.28307.168
MinimumVisualStudioVersion = 10.0.40219.1
Project("{2150E333-8FDC-42A3-9474-1A3956D46DE8}") = "Common", "Common", "{493777A0-16A5-4D6C-B46E-D7869CF5167C}"
EndProject
Project("{2150E333-8FDC-42A3-9474-1A3956D46DE8}") = "Apple", "Apple", "{2C850CC5-7BCA-4D75-8B63-E5E443D94BC5}"
EndProject
Project("{2150E333-8FDC-42A3-9474-1A3956D46DE8}") = "Mango", "Mango", "{6CF46F07-6BBA-4495-8455-DB8D54E15E08}"
EndProject
Project("{2150E333-8FDC-42A3-9474-1A3956D46DE8}") = "Gateway", "Gateway", "{BF8403DE-B96D-4922-B191-5CBDAE009BAC}"
EndProject
Project("{2150E333-8FDC-42A3-9474-1A3956D46DE8}") = "SolutionItems", "SolutionItems", "{2CA595D2-D551-46E4-BF81-5121EF7B937B}"
	ProjectSection(SolutionItems) = preProject
		build.sh = build.sh
		Dockerfile.Apple = Dockerfile.Apple
		Dockerfile.Gateway = Dockerfile.Gateway
		Dockerfile.Mango = Dockerfile.Mango
		README.md = README.md
	EndProjectSection
EndProject
Project("{9A19103F-16F7-4668-BE54-9A1E7A4F7556}") = "Fruits.Apple.Domain", "Apple\Fruits.Apple.Domain\Fruits.Apple.Domain.csproj", "{849A9827-7B10-49A4-B1D6-76903E6AF452}"
EndProject
Project("{9A19103F-16F7-4668-BE54-9A1E7A4F7556}") = "Fruits.Apple.Api", "Apple\Fruits.Apple.Api\Fruits.Apple.Api.csproj", "{835247F8-8EAB-46EB-A8D0-52BF50D67B39}"
EndProject
Project("{9A19103F-16F7-4668-BE54-9A1E7A4F7556}") = "Fruits.Common.Domain", "Common\Fruits.Common.Domain\Fruits.Common.Domain.csproj", "{3D6B7348-71FB-4795-AA4B-A3747C58B0C6}"
EndProject
Project("{9A19103F-16F7-4668-BE54-9A1E7A4F7556}") = "Fruits.Gateway.Process", "Gateway\Fruits.Gateway.Process\Fruits.Gateway.Process.csproj", "{68D7BBE0-5998-46C6-BB8C-BD4BB21A1BA6}"
EndProject
Project("{9A19103F-16F7-4668-BE54-9A1E7A4F7556}") = "Fruits.Mango.Api", "Mango\Fruits.Mango.Api\Fruits.Mango.Api.csproj", "{9CB2B5FB-37ED-43E8-B138-C4BCD5B08225}"
EndProject
Project("{9A19103F-16F7-4668-BE54-9A1E7A4F7556}") = "Fruits.Mango.Domain", "Mango\Fruits.Mango.Domain\Fruits.Mango.Domain.csproj", "{86104A17-FBE8-4144-897F-D05EB1E3FCC7}"
EndProject
Global
	GlobalSection(SolutionConfigurationPlatforms) = preSolution
		Debug|Any CPU = Debug|Any CPU
		Release|Any CPU = Release|Any CPU
	EndGlobalSection
	GlobalSection(ProjectConfigurationPlatforms) = postSolution
		{849A9827-7B10-49A4-B1D6-76903E6AF452}.Debug|Any CPU.ActiveCfg = Debug|Any CPU
		{849A9827-7B10-49A4-B1D6-76903E6AF452}.Debug|Any CPU.Build.0 = Debug|Any CPU
		{849A9827-7B10-49A4-B1D6-76903E6AF452}.Release|Any CPU.ActiveCfg = Release|Any CPU
		{849A9827-7B10-49A4-B1D6-76903E6AF452}.Release|Any CPU.Build.0 = Release|Any CPU
		{835247F8-8EAB-46EB-A8D0-52BF50D67B39}.Debug|Any CPU.ActiveCfg = Debug|Any CPU
		{835247F8-8EAB-46EB-A8D0-52BF50D67B39}.Debug|Any CPU.Build.0 = Debug|Any CPU
		{835247F8-8EAB-46EB-A8D0-52BF50D67B39}.Release|Any CPU.ActiveCfg = Release|Any CPU
		{835247F8-8EAB-46EB-A8D0-52BF50D67B39}.Release|Any CPU.Build.0 = Release|Any CPU
		{3D6B7348-71FB-4795-AA4B-A3747C58B0C6}.Debug|Any CPU.ActiveCfg = Debug|Any CPU
		{3D6B7348-71FB-4795-AA4B-A3747C58B0C6}.Debug|Any CPU.Build.0 = Debug|Any CPU
		{3D6B7348-71FB-4795-AA4B-A3747C58B0C6}.Release|Any CPU.ActiveCfg = Release|Any CPU
		{3D6B7348-71FB-4795-AA4B-A3747C58B0C6}.Release|Any CPU.Build.0 = Release|Any CPU
		{68D7BBE0-5998-46C6-BB8C-BD4BB21A1BA6}.Debug|Any CPU.ActiveCfg = Debug|Any CPU
		{68D7BBE0-5998-46C6-BB8C-BD4BB21A1BA6}.Debug|Any CPU.Build.0 = Debug|Any CPU
		{68D7BBE0-5998-46C6-BB8C-BD4BB21A1BA6}.Release|Any CPU.ActiveCfg = Release|Any CPU
		{68D7BBE0-5998-46C6-BB8C-BD4BB21A1BA6}.Release|Any CPU.Build.0 = Release|Any CPU
		{9CB2B5FB-37ED-43E8-B138-C4BCD5B08225}.Debug|Any CPU.ActiveCfg = Debug|Any CPU
		{9CB2B5FB-37ED-43E8-B138-C4BCD5B08225}.Debug|Any CPU.Build.0 = Debug|Any CPU
		{9CB2B5FB-37ED-43E8-B138-C4BCD5B08225}.Release|Any CPU.ActiveCfg = Release|Any CPU
		{9CB2B5FB-37ED-43E8-B138-C4BCD5B08225}.Release|Any CPU.Build.0 = Release|Any CPU
		{86104A17-FBE8-4144-897F-D05EB1E3FCC7}.Debug|Any CPU.ActiveCfg = Debug|Any CPU
		{86104A17-FBE8-4144-897F-D05EB1E3FCC7}.Debug|Any CPU.Build.0 = Debug|Any CPU
		{86104A17-FBE8-4144-897F-D05EB1E3FCC7}.Release|Any CPU.ActiveCfg = Release|Any CPU
		{86104A17-FBE8-4144-897F-D05EB1E3FCC7}.Release|Any CPU.Build.0 = Release|Any CPU
	EndGlobalSection
	GlobalSection(SolutionProperties) = preSolution
		HideSolutionNode = FALSE
	EndGlobalSection
	GlobalSection(NestedProjects) = preSolution
		{849A9827-7B10-49A4-B1D6-76903E6AF452} = {2C850CC5-7BCA-4D75-8B63-E5E443D94BC5}
		{835247F8-8EAB-46EB-A8D0-52BF50D67B39} = {2C850CC5-7BCA-4D75-8B63-E5E443D94BC5}
		{3D6B7348-71FB-4795-AA4B-A3747C58B0C6} = {493777A0-16A5-4D6C-B46E-D7869CF5167C}
		{68D7BBE0-5998-46C6-BB8C-BD4BB21A1BA6} = {BF8403DE-B96D-4922-B191-5CBDAE009BAC}
		{9CB2B5FB-37ED-43E8-B138-C4BCD5B08225} = {6CF46F07-6BBA-4495-8455-DB8D54E15E08}
		{86104A17-FBE8-4144-897F-D05EB1E3FCC7} = {6CF46F07-6BBA-4495-8455-DB8D54E15E08}
	EndGlobalSection
	GlobalSection(ExtensibilityGlobals) = postSolution
		SolutionGuid = {9E57861A-2310-4143-A5B4-487034EE202C}
	EndGlobalSection
EndGlobal
